
Microsoft Visual Studio Solution File, Format Version 12.00
# Visual Studio Version 17
VisualStudioVersion = 17.10.35122.118
MinimumVisualStudioVersion = 10.0.40219.1
Project("{9A19103F-16F7-4668-BE54-9A1E7A4F7556}") = "Application", "Application\Application.csproj", "{FDF40F53-FE83-4CAC-BBEC-192E117CFD33}"
EndProject
Project("{9A19103F-16F7-4668-BE54-9A1E7A4F7556}") = "Crosscutting", "Crosscutting\Crosscutting.csproj", "{3C68B1EC-EFDE-4A87-9B1E-4FFD111D5BE8}"
EndProject
Project("{9A19103F-16F7-4668-BE54-9A1E7A4F7556}") = "Domain", "Domain\Domain.csproj", "{8C7C6B5F-AD12-4192-BC6D-8AE5764B1CEB}"
EndProject
Project("{9A19103F-16F7-4668-BE54-9A1E7A4F7556}") = "Infrastructure", "Infrastructure\Infrastructure.csproj", "{E7DA47C2-6B33-4B0A-8557-EEAA01D25B3F}"
EndProject
Project("{9A19103F-16F7-4668-BE54-9A1E7A4F7556}") = "Tests", "Tests\Tests.csproj", "{AC533AC0-AACE-48FC-804D-46CE201A644A}"
EndProject
Project("{FAE04EC0-301F-11D3-BF4B-00C04F79EFBC}") = "WebApplication1", "WebApplication1\WebApplication1.csproj", "{2775FB0E-D130-4832-9555-C1A609830F27}"
EndProject
Global
	GlobalSection(SolutionConfigurationPlatforms) = preSolution
		Debug|Any CPU = Debug|Any CPU
		Release|Any CPU = Release|Any CPU
	EndGlobalSection
	GlobalSection(ProjectConfigurationPlatforms) = postSolution
		{FDF40F53-FE83-4CAC-BBEC-192E117CFD33}.Debug|Any CPU.ActiveCfg = Debug|Any CPU
		{FDF40F53-FE83-4CAC-BBEC-192E117CFD33}.Debug|Any CPU.Build.0 = Debug|Any CPU
		{FDF40F53-FE83-4CAC-BBEC-192E117CFD33}.Release|Any CPU.ActiveCfg = Release|Any CPU
		{FDF40F53-FE83-4CAC-BBEC-192E117CFD33}.Release|Any CPU.Build.0 = Release|Any CPU
		{3C68B1EC-EFDE-4A87-9B1E-4FFD111D5BE8}.Debug|Any CPU.ActiveCfg = Debug|Any CPU
		{3C68B1EC-EFDE-4A87-9B1E-4FFD111D5BE8}.Debug|Any CPU.Build.0 = Debug|Any CPU
		{3C68B1EC-EFDE-4A87-9B1E-4FFD111D5BE8}.Release|Any CPU.ActiveCfg = Release|Any CPU
		{3C68B1EC-EFDE-4A87-9B1E-4FFD111D5BE8}.Release|Any CPU.Build.0 = Release|Any CPU
		{8C7C6B5F-AD12-4192-BC6D-8AE5764B1CEB}.Debug|Any CPU.ActiveCfg = Debug|Any CPU
		{8C7C6B5F-AD12-4192-BC6D-8AE5764B1CEB}.Debug|Any CPU.Build.0 = Debug|Any CPU
		{8C7C6B5F-AD12-4192-BC6D-8AE5764B1CEB}.Release|Any CPU.ActiveCfg = Release|Any CPU
		{8C7C6B5F-AD12-4192-BC6D-8AE5764B1CEB}.Release|Any CPU.Build.0 = Release|Any CPU
		{E7DA47C2-6B33-4B0A-8557-EEAA01D25B3F}.Debug|Any CPU.ActiveCfg = Debug|Any CPU
		{E7DA47C2-6B33-4B0A-8557-EEAA01D25B3F}.Debug|Any CPU.Build.0 = Debug|Any CPU
		{E7DA47C2-6B33-4B0A-8557-EEAA01D25B3F}.Release|Any CPU.ActiveCfg = Release|Any CPU
		{E7DA47C2-6B33-4B0A-8557-EEAA01D25B3F}.Release|Any CPU.Build.0 = Release|Any CPU
		{AC533AC0-AACE-48FC-804D-46CE201A644A}.Debug|Any CPU.ActiveCfg = Debug|Any CPU
		{AC533AC0-AACE-48FC-804D-46CE201A644A}.Debug|Any CPU.Build.0 = Debug|Any CPU
		{AC533AC0-AACE-48FC-804D-46CE201A644A}.Release|Any CPU.ActiveCfg = Release|Any CPU
		{AC533AC0-AACE-48FC-804D-46CE201A644A}.Release|Any CPU.Build.0 = Release|Any CPU
		{2775FB0E-D130-4832-9555-C1A609830F27}.Debug|Any CPU.ActiveCfg = Debug|Any CPU
		{2775FB0E-D130-4832-9555-C1A609830F27}.Debug|Any CPU.Build.0 = Debug|Any CPU
		{2775FB0E-D130-4832-9555-C1A609830F27}.Release|Any CPU.ActiveCfg = Release|Any CPU
		{2775FB0E-D130-4832-9555-C1A609830F27}.Release|Any CPU.Build.0 = Release|Any CPU
	EndGlobalSection
	GlobalSection(SolutionProperties) = preSolution
		HideSolutionNode = FALSE
	EndGlobalSection
	GlobalSection(ExtensibilityGlobals) = postSolution
		SolutionGuid = {B92BE147-B95D-4F73-8A04-394F11124312}
	EndGlobalSection
EndGlobal
